
Microsoft Visual Studio Solution File, Format Version 12.00
# Visual Studio Version 17
VisualStudioVersion = 17.10.34916.146
MinimumVisualStudioVersion = 10.0.40219.1
Project("{FAE04EC0-301F-11D3-BF4B-00C04F79EFBC}") = "WebApplication1", "WebApplication1\WebApplication1.csproj", "{5FB01007-C0DE-405A-BF29-6DA0F60B7EC7}"
EndProject
Global
	GlobalSection(SolutionConfigurationPlatforms) = preSolution
		Debug|Any CPU = Debug|Any CPU
		Release|Any CPU = Release|Any CPU
	EndGlobalSection
	GlobalSection(ProjectConfigurationPlatforms) = postSolution
		{5FB01007-C0DE-405A-BF29-6DA0F60B7EC7}.Debug|Any CPU.ActiveCfg = Debug|Any CPU
		{5FB01007-C0DE-405A-BF29-6DA0F60B7EC7}.Debug|Any CPU.Build.0 = Debug|Any CPU
		{5FB01007-C0DE-405A-BF29-6DA0F60B7EC7}.Release|Any CPU.ActiveCfg = Release|Any CPU
		{5FB01007-C0DE-405A-BF29-6DA0F60B7EC7}.Release|Any CPU.Build.0 = Release|Any CPU
	EndGlobalSection
	GlobalSection(SolutionProperties) = preSolution
		HideSolutionNode = FALSE
	EndGlobalSection
	GlobalSection(ExtensibilityGlobals) = postSolution
		SolutionGuid = {D0D01621-D322-4646-8395-94527A5125BD}
	EndGlobalSection
EndGlobal
